
Microsoft Visual Studio Solution File, Format Version 12.00
# Visual Studio Version 17
VisualStudioVersion = 17.9.34622.214
MinimumVisualStudioVersion = 10.0.40219.1
Project("{9A19103F-16F7-4668-BE54-9A1E7A4F7556}") = "GCScript.Selenium.ExtensionMethods", "src\GCScript.Selenium.ExtensionMethods\GCScript.Selenium.ExtensionMethods.csproj", "{0C8DBBEF-FEE3-4FA0-B794-1C3D6C3A290C}"
EndProject
Project("{FAE04EC0-301F-11D3-BF4B-00C04F79EFBC}") = "GCScript.Selenium.ExtensionMethodsTest", "test\GCScript.Selenium.ExtensionMethodsTest\GCScript.Selenium.ExtensionMethodsTest.csproj", "{3E2824C0-87C3-4226-8225-21934EFCE302}"
EndProject
Global
	GlobalSection(SolutionConfigurationPlatforms) = preSolution
		Debug|Any CPU = Debug|Any CPU
		Release|Any CPU = Release|Any CPU
	EndGlobalSection
	GlobalSection(ProjectConfigurationPlatforms) = postSolution
		{0C8DBBEF-FEE3-4FA0-B794-1C3D6C3A290C}.Debug|Any CPU.ActiveCfg = Debug|Any CPU
		{0C8DBBEF-FEE3-4FA0-B794-1C3D6C3A290C}.Debug|Any CPU.Build.0 = Debug|Any CPU
		{0C8DBBEF-FEE3-4FA0-B794-1C3D6C3A290C}.Release|Any CPU.ActiveCfg = Release|Any CPU
		{0C8DBBEF-FEE3-4FA0-B794-1C3D6C3A290C}.Release|Any CPU.Build.0 = Release|Any CPU
		{3E2824C0-87C3-4226-8225-21934EFCE302}.Debug|Any CPU.ActiveCfg = Debug|Any CPU
		{3E2824C0-87C3-4226-8225-21934EFCE302}.Debug|Any CPU.Build.0 = Debug|Any CPU
		{3E2824C0-87C3-4226-8225-21934EFCE302}.Release|Any CPU.ActiveCfg = Release|Any CPU
		{3E2824C0-87C3-4226-8225-21934EFCE302}.Release|Any CPU.Build.0 = Release|Any CPU
	EndGlobalSection
	GlobalSection(SolutionProperties) = preSolution
		HideSolutionNode = FALSE
	EndGlobalSection
	GlobalSection(ExtensibilityGlobals) = postSolution
		SolutionGuid = {C4D440BD-1743-41E0-9593-3C8A0A3B65EA}
	EndGlobalSection
EndGlobal
